
Microsoft Visual Studio Solution File, Format Version 12.00
# Visual Studio 15
VisualStudioVersion = 15.0.28307.1684
MinimumVisualStudioVersion = 10.0.40219.1
Project("{FAE04EC0-301F-11D3-BF4B-00C04F79EFBC}") = "HR_Management", "HR_Management\HR_Management.csproj", "{D31D86E8-018D-4077-8702-D3BD64C32B4D}"
EndProject
Global
	GlobalSection(SolutionConfigurationPlatforms) = preSolution
		Debug|Any CPU = Debug|Any CPU
		Release|Any CPU = Release|Any CPU
	EndGlobalSection
	GlobalSection(ProjectConfigurationPlatforms) = postSolution
		{D31D86E8-018D-4077-8702-D3BD64C32B4D}.Debug|Any CPU.ActiveCfg = Debug|Any CPU
		{D31D86E8-018D-4077-8702-D3BD64C32B4D}.Debug|Any CPU.Build.0 = Debug|Any CPU
		{D31D86E8-018D-4077-8702-D3BD64C32B4D}.Release|Any CPU.ActiveCfg = Release|Any CPU
		{D31D86E8-018D-4077-8702-D3BD64C32B4D}.Release|Any CPU.Build.0 = Release|Any CPU
	EndGlobalSection
	GlobalSection(SolutionProperties) = preSolution
		HideSolutionNode = FALSE
	EndGlobalSection
	GlobalSection(ExtensibilityGlobals) = postSolution
		SolutionGuid = {AD2FB44E-AAFB-4A38-8024-6CF288A9B010}
	EndGlobalSection
EndGlobal
